
Microsoft Visual Studio Solution File, Format Version 12.00
# Visual Studio Version 16
VisualStudioVersion = 16.0.30907.101
MinimumVisualStudioVersion = 10.0.40219.1
Project("{FAE04EC0-301F-11D3-BF4B-00C04F79EFBC}") = "SalesWebMvc", "SalesWebMvc\SalesWebMvc.csproj", "{2C97CF88-E1C8-45AE-ACC0-442E6EF9E100}"
EndProject
Global
	GlobalSection(SolutionConfigurationPlatforms) = preSolution
		Debug|Any CPU = Debug|Any CPU
		Release|Any CPU = Release|Any CPU
	EndGlobalSection
	GlobalSection(ProjectConfigurationPlatforms) = postSolution
		{2C97CF88-E1C8-45AE-ACC0-442E6EF9E100}.Debug|Any CPU.ActiveCfg = Debug|Any CPU
		{2C97CF88-E1C8-45AE-ACC0-442E6EF9E100}.Debug|Any CPU.Build.0 = Debug|Any CPU
		{2C97CF88-E1C8-45AE-ACC0-442E6EF9E100}.Release|Any CPU.ActiveCfg = Release|Any CPU
		{2C97CF88-E1C8-45AE-ACC0-442E6EF9E100}.Release|Any CPU.Build.0 = Release|Any CPU
	EndGlobalSection
	GlobalSection(SolutionProperties) = preSolution
		HideSolutionNode = FALSE
	EndGlobalSection
	GlobalSection(ExtensibilityGlobals) = postSolution
		SolutionGuid = {56469CCB-183D-4A4B-A8A8-BF85AE51187B}
	EndGlobalSection
EndGlobal
